github.com/jfreymuth/pulse v0.1.0 h1:KN38/9hoF9PJvP5DpEVhMRKNuwnJUonc8c9ARorRXUA=
github.com/jfreymuth/pulse v0.1.0/go.mod h1:cpYspI6YljhkUf1WLXLLDmeaaPFc3CnGLjDZf9dZ4no=
github.com/pkg/errors v0.9.1 h1:FEBLx1zS214owpjy7qsBeixbURkuhQAwrK5UwLGTwt4=
github.com/pkg/errors v0.9.1/go.mod h1:bwawxfHBFNV+L2hUp1rHADufV3IMtnDRdf1r5NINEl0=
